// !$*UTF8*$!
{
	archiveVersion = 1;
	classes = {
	};
	objectVersion = 50;
	objects = {

/* Begin PBXBuildFile section */
		0B93B88F24F87CE00043D9EC /* AppDelegate.swift in Sources */ = {isa = PBXBuildFile; fileRef = 0B93B88E24F87CE00043D9EC /* AppDelegate.swift */; };
		0B93B89124F87CE00043D9EC /* SceneDelegate.swift in Sources */ = {isa = PBXBuildFile; fileRef = 0B93B89024F87CE00043D9EC /* SceneDelegate.swift */; };
		0B93B89324F87CE00043D9EC /* ViewController.swift in Sources */ = {isa = PBXBuildFile; fileRef = 0B93B89224F87CE00043D9EC /* ViewController.swift */; };
		0B93B89624F87CE00043D9EC /* Main.storyboard in Resources */ = {isa = PBXBuildFile; fileRef = 0B93B89424F87CE00043D9EC /* Main.storyboard */; };
		0B93B89824F87CE30043D9EC /* Assets.xcassets in Resources */ = {isa = PBXBuildFile; fileRef = 0B93B89724F87CE30043D9EC /* Assets.xcassets */; };
		0B93B89B24F87CE30043D9EC /* LaunchScreen.storyboard in Resources */ = {isa = PBXBuildFile; fileRef = 0B93B89924F87CE30043D9EC /* LaunchScreen.storyboard */; };
		0B93B8A324F8AD5D0043D9EC /* PasswordViewController.swift in Sources */ = {isa = PBXBuildFile; fileRef = 0B93B8A224F8AD5D0043D9EC /* PasswordViewController.swift */; };
		0B93B8A524F8B3500043D9EC /* TipsViewController.swift in Sources */ = {isa = PBXBuildFile; fileRef = 0B93B8A424F8B3500043D9EC /* TipsViewController.swift */; };
		0B93B8A724F8B98A0043D9EC /* PasswordGenerator.swift in Sources */ = {isa = PBXBuildFile; fileRef = 0B93B8A624F8B98A0043D9EC /* PasswordGenerator.swift */; };
/* End PBXBuildFile section */

/* Begin PBXFileReference section */
		0B93B88B24F87CE00043D9EC /* SuperSenha.app */ = {isa = PBXFileReference; explicitFileType = wrapper.application; includeInIndex = 0; path = SuperSenha.app; sourceTree = BUILT_PRODUCTS_DIR; };
		0B93B88E24F87CE00043D9EC /* AppDelegate.swift */ = {isa = PBXFileReference; lastKnownFileType = sourcecode.swift; path = AppDelegate.swift; sourceTree = "<group>"; };
		0B93B89024F87CE00043D9EC /* SceneDelegate.swift */ = {isa = PBXFileReference; lastKnownFileType = sourcecode.swift; path = SceneDelegate.swift; sourceTree = "<group>"; };
		0B93B89224F87CE00043D9EC /* ViewController.swift */ = {isa = PBXFileReference; lastKnownFileType = sourcecode.swift; path = ViewController.swift; sourceTree = "<group>"; };
		0B93B89524F87CE00043D9EC /* Base */ = {isa = PBXFileReference; lastKnownFileType = file.storyboard; name = Base; path = Base.lproj/Main.storyboard; sourceTree = "<group>"; };
		0B93B89724F87CE30043D9EC /* Assets.xcassets */ = {isa = PBXFileReference; lastKnownFileType = folder.assetcatalog; path = Assets.xcassets; sourceTree = "<group>"; };
		0B93B89A24F87CE30043D9EC /* Base */ = {isa = PBXFileReference; lastKnownFileType = file.storyboard; name = Base; path = Base.lproj/LaunchScreen.storyboard; sourceTree = "<group>"; };
		0B93B89C24F87CE30043D9EC /* Info.plist */ = {isa = PBXFileReference; lastKnownFileType = text.plist.xml; path = Info.plist; sourceTree = "<group>"; };
		0B93B8A224F8AD5D0043D9EC /* PasswordViewController.swift */ = {isa = PBXFileReference; lastKnownFileType = sourcecode.swift; path = PasswordViewController.swift; sourceTree = "<group>"; };
		0B93B8A424F8B3500043D9EC /* TipsViewController.swift */ = {isa = PBXFileReference; lastKnownFileType = sourcecode.swift; path = TipsViewController.swift; sourceTree = "<group>"; };
		0B93B8A624F8B98A0043D9EC /* PasswordGenerator.swift */ = {isa = PBXFileReference; lastKnownFileType = sourcecode.swift; path = PasswordGenerator.swift; sourceTree = "<group>"; };
/* End PBXFileReference section */

/* Begin PBXFrameworksBuildPhase section */
		0B93B88824F87CE00043D9EC /* Frameworks */ = {
			isa = PBXFrameworksBuildPhase;
			buildActionMask = 2147483647;
			files = (
			);
			runOnlyForDeploymentPostprocessing = 0;
		};
/* End PBXFrameworksBuildPhase section */

/* Begin PBXGroup section */
		0B93B88224F87CE00043D9EC = {
			isa = PBXGroup;
			children = (
				0B93B88D24F87CE00043D9EC /* SuperSenha */,
				0B93B88C24F87CE00043D9EC /* Products */,
			);
			sourceTree = "<group>";
		};
		0B93B88C24F87CE00043D9EC /* Products */ = {
			isa = PBXGroup;
			children = (
				0B93B88B24F87CE00043D9EC /* SuperSenha.app */,
			);
			name = Products;
			sourceTree = "<group>";
		};
		0B93B88D24F87CE00043D9EC /* SuperSenha */ = {
			isa = PBXGroup;
			children = (
				0B93B88E24F87CE00043D9EC /* AppDelegate.swift */,
				0B93B89024F87CE00043D9EC /* SceneDelegate.swift */,
				0B93B89224F87CE00043D9EC /* ViewController.swift */,
				0B93B89424F87CE00043D9EC /* Main.storyboard */,
				0B93B8A624F8B98A0043D9EC /* PasswordGenerator.swift */,
				0B93B8A224F8AD5D0043D9EC /* PasswordViewController.swift */,
				0B93B8A424F8B3500043D9EC /* TipsViewController.swift */,
				0B93B89724F87CE30043D9EC /* Assets.xcassets */,
				0B93B89924F87CE30043D9EC /* LaunchScreen.storyboard */,
				0B93B89C24F87CE30043D9EC /* Info.plist */,
			);
			path = SuperSenha;
			sourceTree = "<group>";
		};
/* End PBXGroup section */

/* Begin PBXNativeTarget section */
		0B93B88A24F87CE00043D9EC /* SuperSenha */ = {
			isa = PBXNativeTarget;
			buildConfigurationList = 0B93B89F24F87CE30043D9EC /* Build configuration list for PBXNativeTarget "SuperSenha" */;
			buildPhases = (
				0B93B88724F87CE00043D9EC /* Sources */,
				0B93B88824F87CE00043D9EC /* Frameworks */,
				0B93B88924F87CE00043D9EC /* Resources */,
			);
			buildRules = (
			);
			dependencies = (
			);
			name = SuperSenha;
			productName = SuperSenha;
			productReference = 0B93B88B24F87CE00043D9EC /* SuperSenha.app */;
			productType = "com.apple.product-type.application";
		};
/* End PBXNativeTarget section */

/* Begin PBXProject section */
		0B93B88324F87CE00043D9EC /* Project object */ = {
			isa = PBXProject;
			attributes = {
				LastSwiftUpdateCheck = 1150;
				LastUpgradeCheck = 1150;
				ORGANIZATIONNAME = supersenha;
				TargetAttributes = {
					0B93B88A24F87CE00043D9EC = {
						CreatedOnToolsVersion = 11.5;
					};
				};
			};
			buildConfigurationList = 0B93B88624F87CE00043D9EC /* Build configuration list for PBXProject "SuperSenha" */;
			compatibilityVersion = "Xcode 9.3";
			developmentRegion = en;
			hasScannedForEncodings = 0;
			knownRegions = (
				en,
				Base,
			);
			mainGroup = 0B93B88224F87CE00043D9EC;
			productRefGroup = 0B93B88C24F87CE00043D9EC /* Products */;
			projectDirPath = "";
			projectRoot = "";
			targets = (
				0B93B88A24F87CE00043D9EC /* SuperSenha */,
			);
		};
/* End PBXProject section */

/* Begin PBXResourcesBuildPhase section */
		0B93B88924F87CE00043D9EC /* Resources */ = {
			isa = PBXResourcesBuildPhase;
			buildActionMask = 2147483647;
			files = (
				0B93B89B24F87CE30043D9EC /* LaunchScreen.storyboard in Resources */,
				0B93B89824F87CE30043D9EC /* Assets.xcassets in Resources */,
				0B93B89624F87CE00043D9EC /* Main.storyboard in Resources */,
			);
			runOnlyForDeploymentPostprocessing = 0;
		};
/* End PBXResourcesBuildPhase section */

/* Begin PBXSourcesBuildPhase section */
		0B93B88724F87CE00043D9EC /* Sources */ = {
			isa = PBXSourcesBuildPhase;
			buildActionMask = 2147483647;
			files = (
				0B93B89324F87CE00043D9EC /* ViewController.swift in Sources */,
				0B93B8A524F8B3500043D9EC /* TipsViewController.swift in Sources */,
				0B93B8A724F8B98A0043D9EC /* PasswordGenerator.swift in Sources */,
				0B93B8A324F8AD5D0043D9EC /* PasswordViewController.swift in Sources */,
				0B93B88F24F87CE00043D9EC /* AppDelegate.swift in Sources */,
				0B93B89124F87CE00043D9EC /* SceneDelegate.swift in Sources */,
			);
			runOnlyForDeploymentPostprocessing = 0;
		};
/* End PBXSourcesBuildPhase section */

/* Begin PBXVariantGroup section */
		0B93B89424F87CE00043D9EC /* Main.storyboard */ = {
			isa = PBXVariantGroup;
			children = (
				0B93B89524F87CE00043D9EC /* Base */,
			);
			name = Main.storyboard;
			sourceTree = "<group>";
		};
		0B93B89924F87CE30043D9EC /* LaunchScreen.storyboard */ = {
			isa = PBXVariantGroup;
			children = (
				0B93B89A24F87CE30043D9EC /* Base */,
			);
			name = LaunchScreen.storyboard;
			sourceTree = "<group>";
		};
/* End PBXVariantGroup section */

/* Begin XCBuildConfiguration section */
		0B93B89D24F87CE30043D9EC /* Debug */ = {
			isa = XCBuildConfiguration;
			buildSettings = {
				ALWAYS_SEARCH_USER_PATHS = NO;
				CLANG_ANALYZER_NONNULL = YES;
				CLANG_ANALYZER_NUMBER_OBJECT_CONVERSION = YES_AGGRESSIVE;
				CLANG_CXX_LANGUAGE_STANDARD = "gnu++14";
				CLANG_CXX_LIBRARY = "libc++";
				CLANG_ENABLE_MODULES = YES;
				CLANG_ENABLE_OBJC_ARC = YES;
				CLANG_ENABLE_OBJC_WEAK = YES;
				CLANG_WARN_BLOCK_CAPTURE_AUTORELEASING = YES;
				CLANG_WARN_BOOL_CONVERSION = YES;
				CLANG_WARN_COMMA = YES;
				CLANG_WARN_CONSTANT_CONVERSION = YES;
				CLANG_WARN_DEPRECATED_OBJC_IMPLEMENTATIONS = YES;
				CLANG_WARN_DIRECT_OBJC_ISA_USAGE = YES_ERROR;
				CLANG_WARN_DOCUMENTATION_COMMENTS = YES;
				CLANG_WARN_EMPTY_BODY = YES;
				CLANG_WARN_ENUM_CONVERSION = YES;
				CLANG_WARN_INFINITE_RECURSION = YES;
				CLANG_WARN_INT_CONVERSION = YES;
				CLANG_WARN_NON_LITERAL_NULL_CONVERSION = YES;
				CLANG_WARN_OBJC_IMPLICIT_RETAIN_SELF = YES;
				CLANG_WARN_OBJC_LITERAL_CONVERSION = YES;
				CLANG_WARN_OBJC_ROOT_CLASS = YES_ERROR;
				CLANG_WARN_RANGE_LOOP_ANALYSIS = YES;
				CLANG_WARN_STRICT_PROTOTYPES = YES;
				CLANG_WARN_SUSPICIOUS_MOVE = YES;
				CLANG_WARN_UNGUARDED_AVAILABILITY = YES_AGGRESSIVE;
				CLANG_WARN_UNREACHABLE_CODE = YES;
				CLANG_WARN__DUPLICATE_METHOD_MATCH = YES;
				COPY_PHASE_STRIP = NO;
				DEBUG_INFORMATION_FORMAT = dwarf;
				ENABLE_STRICT_OBJC_MSGSEND = YES;
				ENABLE_TESTABILITY = YES;
				GCC_C_LANGUAGE_STANDARD = gnu11;
				GCC_DYNAMIC_NO_PIC = NO;
				GCC_NO_COMMON_BLOCKS = YES;
				GCC_OPTIMIZATION_LEVEL = 0;
				GCC_PREPROCESSOR_DEFINITIONS = (
					"DEBUG=1",
					"$(inherited)",
				);
				GCC_WARN_64_TO_32_BIT_CONVERSION = YES;
				GCC_WARN_ABOUT_RETURN_TYPE = YES_ERROR;
				GCC_WARN_UNDECLARED_SELECTOR = YES;
				GCC_WARN_UNINITIALIZED_AUTOS = YES_AGGRESSIVE;
				GCC_WARN_UNUSED_FUNCTION = YES;
				GCC_WARN_UNUSED_VARIABLE = YES;
				IPHONEOS_DEPLOYMENT_TARGET = 13.5;
				MTL_ENABLE_DEBUG_INFO = INCLUDE_SOURCE;
				MTL_FAST_MATH = YES;
				ONLY_ACTIVE_ARCH = YES;
				SDKROOT = iphoneos;
				SWIFT_ACTIVE_COMPILATION_CONDITIONS = DEBUG;
				SWIFT_OPTIMIZATION_LEVEL = "-Onone";
			};
			name = Debug;
		};
		0B93B89E24F87CE30043D9EC /* Release */ = {
			isa = XCBuildConfiguration;
			buildSettings = {
				ALWAYS_SEARCH_USER_PATHS = NO;
				CLANG_ANALYZER_NONNULL = YES;
				CLANG_ANALYZER_NUMBER_OBJECT_CONVERSION = YES_AGGRESSIVE;
				CLANG_CXX_LANGUAGE_STANDARD = "gnu++14";
				CLANG_CXX_LIBRARY = "libc++";
				CLANG_ENABLE_MODULES = YES;
				CLANG_ENABLE_OBJC_ARC = YES;
				CLANG_ENABLE_OBJC_WEAK = YES;
				CLANG_WARN_BLOCK_CAPTURE_AUTORELEASING = YES;
				CLANG_WARN_BOOL_CONVERSION = YES;
				CLANG_WARN_COMMA = YES;
				CLANG_WARN_CONSTANT_CONVERSION = YES;
				CLANG_WARN_DEPRECATED_OBJC_IMPLEMENTATIONS = YES;
				CLANG_WARN_DIRECT_OBJC_ISA_USAGE = YES_ERROR;
				CLANG_WARN_DOCUMENTATION_COMMENTS = YES;
				CLANG_WARN_EMPTY_BODY = YES;
				CLANG_WARN_ENUM_CONVERSION = YES;
				CLANG_WARN_INFINITE_RECURSION = YES;
				CLANG_WARN_INT_CONVERSION = YES;
				CLANG_WARN_NON_LITERAL_NULL_CONVERSION = YES;
				CLANG_WARN_OBJC_IMPLICIT_RETAIN_SELF = YES;
				CLANG_WARN_OBJC_LITERAL_CONVERSION = YES;
				CLANG_WARN_OBJC_ROOT_CLASS = YES_ERROR;
				CLANG_WARN_RANGE_LOOP_ANALYSIS = YES;
				CLANG_WARN_STRICT_PROTOTYPES = YES;
				CLANG_WARN_SUSPICIOUS_MOVE = YES;
				CLANG_WARN_UNGUARDED_AVAILABILITY = YES_AGGRESSIVE;
				CLANG_WARN_UNREACHABLE_CODE = YES;
				CLANG_WARN__DUPLICATE_METHOD_MATCH = YES;
				COPY_PHASE_STRIP = NO;
				DEBUG_INFORMATION_FORMAT = "dwarf-with-dsym";
				ENABLE_NS_ASSERTIONS = NO;
				ENABLE_STRICT_OBJC_MSGSEND = YES;
				GCC_C_LANGUAGE_STANDARD = gnu11;
				GCC_NO_COMMON_BLOCKS = YES;
				GCC_WARN_64_TO_32_BIT_CONVERSION = YES;
				GCC_WARN_ABOUT_RETURN_TYPE = YES_ERROR;
				GCC_WARN_UNDECLARED_SELECTOR = YES;
				GCC_WARN_UNINITIALIZED_AUTOS = YES_AGGRESSIVE;
				GCC_WARN_UNUSED_FUNCTION = YES;
				GCC_WARN_UNUSED_VARIABLE = YES;
				IPHONEOS_DEPLOYMENT_TARGET = 13.5;
				MTL_ENABLE_DEBUG_INFO = NO;
				MTL_FAST_MATH = YES;
				SDKROOT = iphoneos;
				SWIFT_COMPILATION_MODE = wholemodule;
				SWIFT_OPTIMIZATION_LEVEL = "-O";
				VALIDATE_PRODUCT = YES;
			};
			name = Release;
		};
		0B93B8A024F87CE30043D9EC /* Debug */ = {
			isa = XCBuildConfiguration;
			buildSettings = {
				ASSETCATALOG_COMPILER_APPICON_NAME = AppIcon;
				CODE_SIGN_STYLE = Automatic;
				DEVELOPMENT_TEAM = Q4GY9J77N8;
				INFOPLIST_FILE = SuperSenha/Info.plist;
				LD_RUNPATH_SEARCH_PATHS = (
					"$(inherited)",
					"@executable_path/Frameworks",
				);
				PRODUCT_BUNDLE_IDENTIFIER = br.com.supersenha.SuperSenha;
				PRODUCT_NAME = "$(TARGET_NAME)";
				SWIFT_VERSION = 5.0;
				TARGETED_DEVICE_FAMILY = 1;
			};
			name = Debug;
		};
		0B93B8A124F87CE30043D9EC /* Release */ = {
			isa = XCBuildConfiguration;
			buildSettings = {
				ASSETCATALOG_COMPILER_APPICON_NAME = AppIcon;
				CODE_SIGN_STYLE = Automatic;
				DEVELOPMENT_TEAM = Q4GY9J77N8;
				INFOPLIST_FILE = SuperSenha/Info.plist;
				LD_RUNPATH_SEARCH_PATHS = (
					"$(inherited)",
					"@executable_path/Frameworks",
				);
				PRODUCT_BUNDLE_IDENTIFIER = br.com.supersenha.SuperSenha;
				PRODUCT_NAME = "$(TARGET_NAME)";
				SWIFT_VERSION = 5.0;
				TARGETED_DEVICE_FAMILY = 1;
			};
			name = Release;
		};
/* End XCBuildConfiguration section */

/* Begin XCConfigurationList section */
		0B93B88624F87CE00043D9EC /* Build configuration list for PBXProject "SuperSenha" */ = {
			isa = XCConfigurationList;
			buildConfigurations = (
				0B93B89D24F87CE30043D9EC /* Debug */,
				0B93B89E24F87CE30043D9EC /* Release */,
			);
			defaultConfigurationIsVisible = 0;
			defaultConfigurationName = Release;
		};
		0B93B89F24F87CE30043D9EC /* Build configuration list for PBXNativeTarget "SuperSenha" */ = {
			isa = XCConfigurationList;
			buildConfigurations = (
				0B93B8A024F87CE30043D9EC /* Debug */,
				0B93B8A124F87CE30043D9EC /* Release */,
			);
			defaultConfigurationIsVisible = 0;
			defaultConfigurationName = Release;
		};
/* End XCConfigurationList section */
	};
	rootObject = 0B93B88324F87CE00043D9EC /* Project object */;
}
